schema: '2.0'
stages:
  load_data:
    cmd: python src/load_data.py --config=params.yaml
    deps:
    - path: data_given/winequality.csv
      hash: md5
      md5: 6a883fd98624e18c0b7ce251f4fab4fb
      size: 100951
    - path: src/get_data.py
      hash: md5
      md5: c9b0f99a0e9bf676f1238624a32bc1ec
      size: 600
    - path: src/load_data.py
      hash: md5
      md5: 5b3a1c1e3fda2b757c697ac338e0219d
      size: 605
    outs:
    - path: data/raw/winequality.csv
      hash: md5
      md5: 919e9477c64f61c85f5c54628774b327
      size: 95085
  split_data:
    cmd: python src/split_data.py --config=params.yaml
    deps:
    - path: data/raw/winequality.csv
      hash: md5
      md5: 919e9477c64f61c85f5c54628774b327
      size: 95085
    - path: src/split_data.py
      hash: md5
      md5: b981b4fa504fd3b2c724ab4905ed711f
      size: 994
    outs:
    - path: data/processed/test_winequality.csv
      hash: md5
      md5: 29bcfe4cf99b42c1d96395b1cdec1369
      size: 19157
    - path: data/processed/train_winequality.csv
      hash: md5
      md5: 0c44c36a10b6c29393b24d5dd6241cec
      size: 76075
  train_and_evaluate:
    cmd: python src/train_and_evaluate.py --config=params.yaml
    deps:
    - path: data/processed/test_winequality.csv
      hash: md5
      md5: 29bcfe4cf99b42c1d96395b1cdec1369
      size: 19157
    - path: data/processed/train_winequality.csv
      hash: md5
      md5: 0c44c36a10b6c29393b24d5dd6241cec
      size: 76075
    - path: src/train_and_evaluate.py
      hash: md5
      md5: dc9fccdf847bb3e8bbeae40458409a0b
      size: 2675
    params:
      params.yaml:
        estimators.ElasticNet.params.alpha: 0.8
        estimators.ElasticNet.params.l1_ratio: 0.8
    outs:
    - path: reports/params.json
      hash: md5
      md5: 01c414aff56330b4d405883d6e959b4a
      size: 44
    - path: reports/scores.json
      hash: md5
      md5: 81f90cf208fe0b97e984056a0082affe
      size: 101
    - path: saved_models/model.joblib
      hash: md5
      md5: 768d8b16064aa2a4a02051637642b0df
      size: 1279
